// !$*UTF8*$!
{
	archiveVersion = 1;
	classes = {
	};
	objectVersion = 50;
	objects = {

/* Begin PBXBuildFile section */
		7402212E2578261C006D43BE /* AppDelegate.swift in Sources */ = {isa = PBXBuildFile; fileRef = 7402212D2578261C006D43BE /* AppDelegate.swift */; };
		740221302578261C006D43BE /* SceneDelegate.swift in Sources */ = {isa = PBXBuildFile; fileRef = 7402212F2578261C006D43BE /* SceneDelegate.swift */; };
		740221322578261C006D43BE /* ViewController.swift in Sources */ = {isa = PBXBuildFile; fileRef = 740221312578261C006D43BE /* ViewController.swift */; };
		740221352578261C006D43BE /* Main.storyboard in Resources */ = {isa = PBXBuildFile; fileRef = 740221332578261C006D43BE /* Main.storyboard */; };
		7402213725782620006D43BE /* Assets.xcassets in Resources */ = {isa = PBXBuildFile; fileRef = 7402213625782620006D43BE /* Assets.xcassets */; };
		7402213A25782620006D43BE /* LaunchScreen.storyboard in Resources */ = {isa = PBXBuildFile; fileRef = 7402213825782620006D43BE /* LaunchScreen.storyboard */; };
		7402214425784F42006D43BE /* StocksClient.swift in Sources */ = {isa = PBXBuildFile; fileRef = 7402214325784F41006D43BE /* StocksClient.swift */; };
		74F377DC25C4B56A00F01DBA /* Stock.swift in Sources */ = {isa = PBXBuildFile; fileRef = 74F377DB25C4B56A00F01DBA /* Stock.swift */; };
		74F377DF25C4B62400F01DBA /* Client.swift in Sources */ = {isa = PBXBuildFile; fileRef = 74F377DE25C4B62400F01DBA /* Client.swift */; };
		74F377E225C4B9AF00F01DBA /* StockPreview.swift in Sources */ = {isa = PBXBuildFile; fileRef = 74F377E125C4B9AE00F01DBA /* StockPreview.swift */; };
/* End PBXBuildFile section */

/* Begin PBXFileReference section */
		7402212A2578261C006D43BE /* Stocks.app */ = {isa = PBXFileReference; explicitFileType = wrapper.application; includeInIndex = 0; path = Stocks.app; sourceTree = BUILT_PRODUCTS_DIR; };
		7402212D2578261C006D43BE /* AppDelegate.swift */ = {isa = PBXFileReference; lastKnownFileType = sourcecode.swift; path = AppDelegate.swift; sourceTree = "<group>"; };
		7402212F2578261C006D43BE /* SceneDelegate.swift */ = {isa = PBXFileReference; lastKnownFileType = sourcecode.swift; path = SceneDelegate.swift; sourceTree = "<group>"; };
		740221312578261C006D43BE /* ViewController.swift */ = {isa = PBXFileReference; lastKnownFileType = sourcecode.swift; path = ViewController.swift; sourceTree = "<group>"; };
		740221342578261C006D43BE /* Base */ = {isa = PBXFileReference; lastKnownFileType = file.storyboard; name = Base; path = Base.lproj/Main.storyboard; sourceTree = "<group>"; };
		7402213625782620006D43BE /* Assets.xcassets */ = {isa = PBXFileReference; lastKnownFileType = folder.assetcatalog; path = Assets.xcassets; sourceTree = "<group>"; };
		7402213925782620006D43BE /* Base */ = {isa = PBXFileReference; lastKnownFileType = file.storyboard; name = Base; path = Base.lproj/LaunchScreen.storyboard; sourceTree = "<group>"; };
		7402213B25782620006D43BE /* Info.plist */ = {isa = PBXFileReference; lastKnownFileType = text.plist.xml; path = Info.plist; sourceTree = "<group>"; };
		7402214325784F41006D43BE /* StocksClient.swift */ = {isa = PBXFileReference; lastKnownFileType = sourcecode.swift; path = StocksClient.swift; sourceTree = "<group>"; };
		74F377DB25C4B56A00F01DBA /* Stock.swift */ = {isa = PBXFileReference; lastKnownFileType = sourcecode.swift; path = Stock.swift; sourceTree = "<group>"; };
		74F377DE25C4B62400F01DBA /* Client.swift */ = {isa = PBXFileReference; lastKnownFileType = sourcecode.swift; path = Client.swift; sourceTree = "<group>"; };
		74F377E125C4B9AE00F01DBA /* StockPreview.swift */ = {isa = PBXFileReference; lastKnownFileType = sourcecode.swift; path = StockPreview.swift; sourceTree = "<group>"; };
/* End PBXFileReference section */

/* Begin PBXFrameworksBuildPhase section */
		740221272578261C006D43BE /* Frameworks */ = {
			isa = PBXFrameworksBuildPhase;
			buildActionMask = 2147483647;
			files = (
			);
			runOnlyForDeploymentPostprocessing = 0;
		};
/* End PBXFrameworksBuildPhase section */

/* Begin PBXGroup section */
		740221212578261C006D43BE = {
			isa = PBXGroup;
			children = (
				7402212C2578261C006D43BE /* Stocks */,
				7402212B2578261C006D43BE /* Products */,
			);
			sourceTree = "<group>";
		};
		7402212B2578261C006D43BE /* Products */ = {
			isa = PBXGroup;
			children = (
				7402212A2578261C006D43BE /* Stocks.app */,
			);
			name = Products;
			sourceTree = "<group>";
		};
		7402212C2578261C006D43BE /* Stocks */ = {
			isa = PBXGroup;
			children = (
				74F377E625C58DFE00F01DBA /* Resources */,
				74F377E525C58DEF00F01DBA /* Views */,
				74F377E425C58DE200F01DBA /* Controllers */,
				7402214225784ED1006D43BE /* IextraClient */,
				74022146257850A8006D43BE /* Models */,
			);
			path = Stocks;
			sourceTree = "<group>";
		};
		7402214225784ED1006D43BE /* IextraClient */ = {
			isa = PBXGroup;
			children = (
				7402214325784F41006D43BE /* StocksClient.swift */,
				74F377DE25C4B62400F01DBA /* Client.swift */,
			);
			path = IextraClient;
			sourceTree = "<group>";
		};
		74022146257850A8006D43BE /* Models */ = {
			isa = PBXGroup;
			children = (
				74F377DB25C4B56A00F01DBA /* Stock.swift */,
				74F377E125C4B9AE00F01DBA /* StockPreview.swift */,
			);
			path = Models;
			sourceTree = "<group>";
		};
		74F377E425C58DE200F01DBA /* Controllers */ = {
			isa = PBXGroup;
			children = (
				740221312578261C006D43BE /* ViewController.swift */,
			);
			path = Controllers;
			sourceTree = "<group>";
		};
		74F377E525C58DEF00F01DBA /* Views */ = {
			isa = PBXGroup;
			children = (
				740221332578261C006D43BE /* Main.storyboard */,
				7402213825782620006D43BE /* LaunchScreen.storyboard */,
			);
			path = Views;
			sourceTree = "<group>";
		};
		74F377E625C58DFE00F01DBA /* Resources */ = {
			isa = PBXGroup;
			children = (
				7402213B25782620006D43BE /* Info.plist */,
				7402212D2578261C006D43BE /* AppDelegate.swift */,
				7402212F2578261C006D43BE /* SceneDelegate.swift */,
				7402213625782620006D43BE /* Assets.xcassets */,
			);
			path = Resources;
			sourceTree = "<group>";
		};
/* End PBXGroup section */

/* Begin PBXNativeTarget section */
		740221292578261C006D43BE /* Stocks */ = {
			isa = PBXNativeTarget;
			buildConfigurationList = 7402213E25782620006D43BE /* Build configuration list for PBXNativeTarget "Stocks" */;
			buildPhases = (
				740221262578261C006D43BE /* Sources */,
				740221272578261C006D43BE /* Frameworks */,
				740221282578261C006D43BE /* Resources */,
			);
			buildRules = (
			);
			dependencies = (
			);
			name = Stocks;
			productName = Stocks;
			productReference = 7402212A2578261C006D43BE /* Stocks.app */;
			productType = "com.apple.product-type.application";
		};
/* End PBXNativeTarget section */

/* Begin PBXProject section */
		740221222578261C006D43BE /* Project object */ = {
			isa = PBXProject;
			attributes = {
				LastSwiftUpdateCheck = 1220;
				LastUpgradeCheck = 1220;
				TargetAttributes = {
					740221292578261C006D43BE = {
						CreatedOnToolsVersion = 12.2;
					};
				};
			};
			buildConfigurationList = 740221252578261C006D43BE /* Build configuration list for PBXProject "Stocks" */;
			compatibilityVersion = "Xcode 9.3";
			developmentRegion = en;
			hasScannedForEncodings = 0;
			knownRegions = (
				en,
				Base,
			);
			mainGroup = 740221212578261C006D43BE;
			productRefGroup = 7402212B2578261C006D43BE /* Products */;
			projectDirPath = "";
			projectRoot = "";
			targets = (
				740221292578261C006D43BE /* Stocks */,
			);
		};
/* End PBXProject section */

/* Begin PBXResourcesBuildPhase section */
		740221282578261C006D43BE /* Resources */ = {
			isa = PBXResourcesBuildPhase;
			buildActionMask = 2147483647;
			files = (
				7402213A25782620006D43BE /* LaunchScreen.storyboard in Resources */,
				7402213725782620006D43BE /* Assets.xcassets in Resources */,
				740221352578261C006D43BE /* Main.storyboard in Resources */,
			);
			runOnlyForDeploymentPostprocessing = 0;
		};
/* End PBXResourcesBuildPhase section */

/* Begin PBXSourcesBuildPhase section */
		740221262578261C006D43BE /* Sources */ = {
			isa = PBXSourcesBuildPhase;
			buildActionMask = 2147483647;
			files = (
				740221322578261C006D43BE /* ViewController.swift in Sources */,
				74F377E225C4B9AF00F01DBA /* StockPreview.swift in Sources */,
				7402212E2578261C006D43BE /* AppDelegate.swift in Sources */,
				74F377DF25C4B62400F01DBA /* Client.swift in Sources */,
				7402214425784F42006D43BE /* StocksClient.swift in Sources */,
				74F377DC25C4B56A00F01DBA /* Stock.swift in Sources */,
				740221302578261C006D43BE /* SceneDelegate.swift in Sources */,
			);
			runOnlyForDeploymentPostprocessing = 0;
		};
/* End PBXSourcesBuildPhase section */

/* Begin PBXVariantGroup section */
		740221332578261C006D43BE /* Main.storyboard */ = {
			isa = PBXVariantGroup;
			children = (
				740221342578261C006D43BE /* Base */,
			);
			name = Main.storyboard;
			sourceTree = "<group>";
		};
		7402213825782620006D43BE /* LaunchScreen.storyboard */ = {
			isa = PBXVariantGroup;
			children = (
				7402213925782620006D43BE /* Base */,
			);
			name = LaunchScreen.storyboard;
			sourceTree = "<group>";
		};
/* End PBXVariantGroup section */

/* Begin XCBuildConfiguration section */
		7402213C25782620006D43BE /* Debug */ = {
			isa = XCBuildConfiguration;
			buildSettings = {
				ALWAYS_SEARCH_USER_PATHS = NO;
				CLANG_ANALYZER_NONNULL = YES;
				CLANG_ANALYZER_NUMBER_OBJECT_CONVERSION = YES_AGGRESSIVE;
				CLANG_CXX_LANGUAGE_STANDARD = "gnu++14";
				CLANG_CXX_LIBRARY = "libc++";
				CLANG_ENABLE_MODULES = YES;
				CLANG_ENABLE_OBJC_ARC = YES;
				CLANG_ENABLE_OBJC_WEAK = YES;
				CLANG_WARN_BLOCK_CAPTURE_AUTORELEASING = YES;
				CLANG_WARN_BOOL_CONVERSION = YES;
				CLANG_WARN_COMMA = YES;
				CLANG_WARN_CONSTANT_CONVERSION = YES;
				CLANG_WARN_DEPRECATED_OBJC_IMPLEMENTATIONS = YES;
				CLANG_WARN_DIRECT_OBJC_ISA_USAGE = YES_ERROR;
				CLANG_WARN_DOCUMENTATION_COMMENTS = YES;
				CLANG_WARN_EMPTY_BODY = YES;
				CLANG_WARN_ENUM_CONVERSION = YES;
				CLANG_WARN_INFINITE_RECURSION = YES;
				CLANG_WARN_INT_CONVERSION = YES;
				CLANG_WARN_NON_LITERAL_NULL_CONVERSION = YES;
				CLANG_WARN_OBJC_IMPLICIT_RETAIN_SELF = YES;
				CLANG_WARN_OBJC_LITERAL_CONVERSION = YES;
				CLANG_WARN_OBJC_ROOT_CLASS = YES_ERROR;
				CLANG_WARN_QUOTED_INCLUDE_IN_FRAMEWORK_HEADER = YES;
				CLANG_WARN_RANGE_LOOP_ANALYSIS = YES;
				CLANG_WARN_STRICT_PROTOTYPES = YES;
				CLANG_WARN_SUSPICIOUS_MOVE = YES;
				CLANG_WARN_UNGUARDED_AVAILABILITY = YES_AGGRESSIVE;
				CLANG_WARN_UNREACHABLE_CODE = YES;
				CLANG_WARN__DUPLICATE_METHOD_MATCH = YES;
				COPY_PHASE_STRIP = NO;
				DEBUG_INFORMATION_FORMAT = dwarf;
				ENABLE_STRICT_OBJC_MSGSEND = YES;
				ENABLE_TESTABILITY = YES;
				GCC_C_LANGUAGE_STANDARD = gnu11;
				GCC_DYNAMIC_NO_PIC = NO;
				GCC_NO_COMMON_BLOCKS = YES;
				GCC_OPTIMIZATION_LEVEL = 0;
				GCC_PREPROCESSOR_DEFINITIONS = (
					"DEBUG=1",
					"$(inherited)",
				);
				GCC_WARN_64_TO_32_BIT_CONVERSION = YES;
				GCC_WARN_ABOUT_RETURN_TYPE = YES_ERROR;
				GCC_WARN_UNDECLARED_SELECTOR = YES;
				GCC_WARN_UNINITIALIZED_AUTOS = YES_AGGRESSIVE;
				GCC_WARN_UNUSED_FUNCTION = YES;
				GCC_WARN_UNUSED_VARIABLE = YES;
				IPHONEOS_DEPLOYMENT_TARGET = 14.2;
				MTL_ENABLE_DEBUG_INFO = INCLUDE_SOURCE;
				MTL_FAST_MATH = YES;
				ONLY_ACTIVE_ARCH = YES;
				SDKROOT = iphoneos;
				SWIFT_ACTIVE_COMPILATION_CONDITIONS = DEBUG;
				SWIFT_OPTIMIZATION_LEVEL = "-Onone";
			};
			name = Debug;
		};
		7402213D25782620006D43BE /* Release */ = {
			isa = XCBuildConfiguration;
			buildSettings = {
				ALWAYS_SEARCH_USER_PATHS = NO;
				CLANG_ANALYZER_NONNULL = YES;
				CLANG_ANALYZER_NUMBER_OBJECT_CONVERSION = YES_AGGRESSIVE;
				CLANG_CXX_LANGUAGE_STANDARD = "gnu++14";
				CLANG_CXX_LIBRARY = "libc++";
				CLANG_ENABLE_MODULES = YES;
				CLANG_ENABLE_OBJC_ARC = YES;
				CLANG_ENABLE_OBJC_WEAK = YES;
				CLANG_WARN_BLOCK_CAPTURE_AUTORELEASING = YES;
				CLANG_WARN_BOOL_CONVERSION = YES;
				CLANG_WARN_COMMA = YES;
				CLANG_WARN_CONSTANT_CONVERSION = YES;
				CLANG_WARN_DEPRECATED_OBJC_IMPLEMENTATIONS = YES;
				CLANG_WARN_DIRECT_OBJC_ISA_USAGE = YES_ERROR;
				CLANG_WARN_DOCUMENTATION_COMMENTS = YES;
				CLANG_WARN_EMPTY_BODY = YES;
				CLANG_WARN_ENUM_CONVERSION = YES;
				CLANG_WARN_INFINITE_RECURSION = YES;
				CLANG_WARN_INT_CONVERSION = YES;
				CLANG_WARN_NON_LITERAL_NULL_CONVERSION = YES;
				CLANG_WARN_OBJC_IMPLICIT_RETAIN_SELF = YES;
				CLANG_WARN_OBJC_LITERAL_CONVERSION = YES;
				CLANG_WARN_OBJC_ROOT_CLASS = YES_ERROR;
				CLANG_WARN_QUOTED_INCLUDE_IN_FRAMEWORK_HEADER = YES;
				CLANG_WARN_RANGE_LOOP_ANALYSIS = YES;
				CLANG_WARN_STRICT_PROTOTYPES = YES;
				CLANG_WARN_SUSPICIOUS_MOVE = YES;
				CLANG_WARN_UNGUARDED_AVAILABILITY = YES_AGGRESSIVE;
				CLANG_WARN_UNREACHABLE_CODE = YES;
				CLANG_WARN__DUPLICATE_METHOD_MATCH = YES;
				COPY_PHASE_STRIP = NO;
				DEBUG_INFORMATION_FORMAT = "dwarf-with-dsym";
				ENABLE_NS_ASSERTIONS = NO;
				ENABLE_STRICT_OBJC_MSGSEND = YES;
				GCC_C_LANGUAGE_STANDARD = gnu11;
				GCC_NO_COMMON_BLOCKS = YES;
				GCC_WARN_64_TO_32_BIT_CONVERSION = YES;
				GCC_WARN_ABOUT_RETURN_TYPE = YES_ERROR;
				GCC_WARN_UNDECLARED_SELECTOR = YES;
				GCC_WARN_UNINITIALIZED_AUTOS = YES_AGGRESSIVE;
				GCC_WARN_UNUSED_FUNCTION = YES;
				GCC_WARN_UNUSED_VARIABLE = YES;
				IPHONEOS_DEPLOYMENT_TARGET = 14.2;
				MTL_ENABLE_DEBUG_INFO = NO;
				MTL_FAST_MATH = YES;
				SDKROOT = iphoneos;
				SWIFT_COMPILATION_MODE = wholemodule;
				SWIFT_OPTIMIZATION_LEVEL = "-O";
				VALIDATE_PRODUCT = YES;
			};
			name = Release;
		};
		7402213F25782620006D43BE /* Debug */ = {
			isa = XCBuildConfiguration;
			buildSettings = {
				ASSETCATALOG_COMPILER_APPICON_NAME = AppIcon;
				ASSETCATALOG_COMPILER_GLOBAL_ACCENT_COLOR_NAME = AccentColor;
				CODE_SIGN_STYLE = Automatic;
				DEVELOPMENT_TEAM = 3VF2NCMJXG;
				INFOPLIST_FILE = Stocks/Resources/Info.plist;
				LD_RUNPATH_SEARCH_PATHS = (
					"$(inherited)",
					"@executable_path/Frameworks",
				);
				PRODUCT_BUNDLE_IDENTIFIER = com.zazzaze.Stocks;
				PRODUCT_NAME = "$(TARGET_NAME)";
				SWIFT_VERSION = 5.0;
				TARGETED_DEVICE_FAMILY = "1,2";
			};
			name = Debug;
		};
		7402214025782620006D43BE /* Release */ = {
			isa = XCBuildConfiguration;
			buildSettings = {
				ASSETCATALOG_COMPILER_APPICON_NAME = AppIcon;
				ASSETCATALOG_COMPILER_GLOBAL_ACCENT_COLOR_NAME = AccentColor;
				CODE_SIGN_STYLE = Automatic;
				DEVELOPMENT_TEAM = 3VF2NCMJXG;
				INFOPLIST_FILE = Stocks/Resources/Info.plist;
				LD_RUNPATH_SEARCH_PATHS = (
					"$(inherited)",
					"@executable_path/Frameworks",
				);
				PRODUCT_BUNDLE_IDENTIFIER = com.zazzaze.Stocks;
				PRODUCT_NAME = "$(TARGET_NAME)";
				SWIFT_VERSION = 5.0;
				TARGETED_DEVICE_FAMILY = "1,2";
			};
			name = Release;
		};
/* End XCBuildConfiguration section */

/* Begin XCConfigurationList section */
		740221252578261C006D43BE /* Build configuration list for PBXProject "Stocks" */ = {
			isa = XCConfigurationList;
			buildConfigurations = (
				7402213C25782620006D43BE /* Debug */,
				7402213D25782620006D43BE /* Release */,
			);
			defaultConfigurationIsVisible = 0;
			defaultConfigurationName = Release;
		};
		7402213E25782620006D43BE /* Build configuration list for PBXNativeTarget "Stocks" */ = {
			isa = XCConfigurationList;
			buildConfigurations = (
				7402213F25782620006D43BE /* Debug */,
				7402214025782620006D43BE /* Release */,
			);
			defaultConfigurationIsVisible = 0;
			defaultConfigurationName = Release;
		};
/* End XCConfigurationList section */
	};
	rootObject = 740221222578261C006D43BE /* Project object */;
}
