// !$*UTF8*$!
{
	archiveVersion = 1;
	classes = {
	};
	objectVersion = 50;
	objects = {

/* Begin PBXBuildFile section */
		7469E95225C42DCB005D3F58 /* AppDelegate.swift in Sources */ = {isa = PBXBuildFile; fileRef = 7469E95125C42DCB005D3F58 /* AppDelegate.swift */; };
		7469E95425C42DCB005D3F58 /* SceneDelegate.swift in Sources */ = {isa = PBXBuildFile; fileRef = 7469E95325C42DCB005D3F58 /* SceneDelegate.swift */; };
		7469E95625C42DCB005D3F58 /* ViewController.swift in Sources */ = {isa = PBXBuildFile; fileRef = 7469E95525C42DCB005D3F58 /* ViewController.swift */; };
		7469E95925C42DCB005D3F58 /* Main.storyboard in Resources */ = {isa = PBXBuildFile; fileRef = 7469E95725C42DCB005D3F58 /* Main.storyboard */; };
		7469E95B25C42DD7005D3F58 /* Assets.xcassets in Resources */ = {isa = PBXBuildFile; fileRef = 7469E95A25C42DD7005D3F58 /* Assets.xcassets */; };
		7469E95E25C42DD7005D3F58 /* LaunchScreen.storyboard in Resources */ = {isa = PBXBuildFile; fileRef = 7469E95C25C42DD7005D3F58 /* LaunchScreen.storyboard */; };
		7473BBA325C438E00080A5DE /* TripCollectionViewCell.swift in Sources */ = {isa = PBXBuildFile; fileRef = 7473BBA225C438E00080A5DE /* TripCollectionViewCell.swift */; };
		7473BBA825C43B610080A5DE /* Trip.swift in Sources */ = {isa = PBXBuildFile; fileRef = 7473BBA725C43B610080A5DE /* Trip.swift */; };
/* End PBXBuildFile section */

/* Begin PBXFileReference section */
		7469E94E25C42DCB005D3F58 /* CarouselApp.app */ = {isa = PBXFileReference; explicitFileType = wrapper.application; includeInIndex = 0; path = CarouselApp.app; sourceTree = BUILT_PRODUCTS_DIR; };
		7469E95125C42DCB005D3F58 /* AppDelegate.swift */ = {isa = PBXFileReference; lastKnownFileType = sourcecode.swift; path = AppDelegate.swift; sourceTree = "<group>"; };
		7469E95325C42DCB005D3F58 /* SceneDelegate.swift */ = {isa = PBXFileReference; lastKnownFileType = sourcecode.swift; path = SceneDelegate.swift; sourceTree = "<group>"; };
		7469E95525C42DCB005D3F58 /* ViewController.swift */ = {isa = PBXFileReference; lastKnownFileType = sourcecode.swift; path = ViewController.swift; sourceTree = "<group>"; };
		7469E95825C42DCB005D3F58 /* Base */ = {isa = PBXFileReference; lastKnownFileType = file.storyboard; name = Base; path = Base.lproj/Main.storyboard; sourceTree = "<group>"; };
		7469E95A25C42DD7005D3F58 /* Assets.xcassets */ = {isa = PBXFileReference; lastKnownFileType = folder.assetcatalog; path = Assets.xcassets; sourceTree = "<group>"; };
		7469E95D25C42DD7005D3F58 /* Base */ = {isa = PBXFileReference; lastKnownFileType = file.storyboard; name = Base; path = Base.lproj/LaunchScreen.storyboard; sourceTree = "<group>"; };
		7469E95F25C42DD7005D3F58 /* Info.plist */ = {isa = PBXFileReference; lastKnownFileType = text.plist.xml; path = Info.plist; sourceTree = "<group>"; };
		7473BBA225C438E00080A5DE /* TripCollectionViewCell.swift */ = {isa = PBXFileReference; lastKnownFileType = sourcecode.swift; path = TripCollectionViewCell.swift; sourceTree = "<group>"; };
		7473BBA725C43B610080A5DE /* Trip.swift */ = {isa = PBXFileReference; lastKnownFileType = sourcecode.swift; path = Trip.swift; sourceTree = "<group>"; };
/* End PBXFileReference section */

/* Begin PBXFrameworksBuildPhase section */
		7469E94B25C42DCB005D3F58 /* Frameworks */ = {
			isa = PBXFrameworksBuildPhase;
			buildActionMask = 2147483647;
			files = (
			);
			runOnlyForDeploymentPostprocessing = 0;
		};
/* End PBXFrameworksBuildPhase section */

/* Begin PBXGroup section */
		7469E94525C42DCA005D3F58 = {
			isa = PBXGroup;
			children = (
				7469E95025C42DCB005D3F58 /* CarouselApp */,
				7469E94F25C42DCB005D3F58 /* Products */,
			);
			sourceTree = "<group>";
		};
		7469E94F25C42DCB005D3F58 /* Products */ = {
			isa = PBXGroup;
			children = (
				7469E94E25C42DCB005D3F58 /* CarouselApp.app */,
			);
			name = Products;
			sourceTree = "<group>";
		};
		7469E95025C42DCB005D3F58 /* CarouselApp */ = {
			isa = PBXGroup;
			children = (
				746D277B25CC306000643452 /* Views */,
				746D277925CC303600643452 /* Resources */,
				7473BBA625C43B430080A5DE /* Models */,
				7473BBA525C43B350080A5DE /* ViewControllers */,
			);
			path = CarouselApp;
			sourceTree = "<group>";
		};
		746D277925CC303600643452 /* Resources */ = {
			isa = PBXGroup;
			children = (
				7469E95125C42DCB005D3F58 /* AppDelegate.swift */,
				7469E95325C42DCB005D3F58 /* SceneDelegate.swift */,
				7469E95A25C42DD7005D3F58 /* Assets.xcassets */,
				7469E95F25C42DD7005D3F58 /* Info.plist */,
			);
			path = Resources;
			sourceTree = "<group>";
		};
		746D277B25CC306000643452 /* Views */ = {
			isa = PBXGroup;
			children = (
				7473BBA225C438E00080A5DE /* TripCollectionViewCell.swift */,
				7469E95725C42DCB005D3F58 /* Main.storyboard */,
				7469E95C25C42DD7005D3F58 /* LaunchScreen.storyboard */,
			);
			path = Views;
			sourceTree = "<group>";
		};
		7473BBA525C43B350080A5DE /* ViewControllers */ = {
			isa = PBXGroup;
			children = (
				7469E95525C42DCB005D3F58 /* ViewController.swift */,
			);
			path = ViewControllers;
			sourceTree = "<group>";
		};
		7473BBA625C43B430080A5DE /* Models */ = {
			isa = PBXGroup;
			children = (
				7473BBA725C43B610080A5DE /* Trip.swift */,
			);
			path = Models;
			sourceTree = "<group>";
		};
/* End PBXGroup section */

/* Begin PBXNativeTarget section */
		7469E94D25C42DCB005D3F58 /* CarouselApp */ = {
			isa = PBXNativeTarget;
			buildConfigurationList = 7469E96225C42DD7005D3F58 /* Build configuration list for PBXNativeTarget "CarouselApp" */;
			buildPhases = (
				7469E94A25C42DCB005D3F58 /* Sources */,
				7469E94B25C42DCB005D3F58 /* Frameworks */,
				7469E94C25C42DCB005D3F58 /* Resources */,
			);
			buildRules = (
			);
			dependencies = (
			);
			name = CarouselApp;
			productName = CarouselApp;
			productReference = 7469E94E25C42DCB005D3F58 /* CarouselApp.app */;
			productType = "com.apple.product-type.application";
		};
/* End PBXNativeTarget section */

/* Begin PBXProject section */
		7469E94625C42DCA005D3F58 /* Project object */ = {
			isa = PBXProject;
			attributes = {
				LastSwiftUpdateCheck = 1230;
				LastUpgradeCheck = 1230;
				TargetAttributes = {
					7469E94D25C42DCB005D3F58 = {
						CreatedOnToolsVersion = 12.3;
					};
				};
			};
			buildConfigurationList = 7469E94925C42DCA005D3F58 /* Build configuration list for PBXProject "CarouselApp" */;
			compatibilityVersion = "Xcode 9.3";
			developmentRegion = en;
			hasScannedForEncodings = 0;
			knownRegions = (
				en,
				Base,
			);
			mainGroup = 7469E94525C42DCA005D3F58;
			productRefGroup = 7469E94F25C42DCB005D3F58 /* Products */;
			projectDirPath = "";
			projectRoot = "";
			targets = (
				7469E94D25C42DCB005D3F58 /* CarouselApp */,
			);
		};
/* End PBXProject section */

/* Begin PBXResourcesBuildPhase section */
		7469E94C25C42DCB005D3F58 /* Resources */ = {
			isa = PBXResourcesBuildPhase;
			buildActionMask = 2147483647;
			files = (
				7469E95E25C42DD7005D3F58 /* LaunchScreen.storyboard in Resources */,
				7469E95B25C42DD7005D3F58 /* Assets.xcassets in Resources */,
				7469E95925C42DCB005D3F58 /* Main.storyboard in Resources */,
			);
			runOnlyForDeploymentPostprocessing = 0;
		};
/* End PBXResourcesBuildPhase section */

/* Begin PBXSourcesBuildPhase section */
		7469E94A25C42DCB005D3F58 /* Sources */ = {
			isa = PBXSourcesBuildPhase;
			buildActionMask = 2147483647;
			files = (
				7473BBA825C43B610080A5DE /* Trip.swift in Sources */,
				7469E95625C42DCB005D3F58 /* ViewController.swift in Sources */,
				7473BBA325C438E00080A5DE /* TripCollectionViewCell.swift in Sources */,
				7469E95225C42DCB005D3F58 /* AppDelegate.swift in Sources */,
				7469E95425C42DCB005D3F58 /* SceneDelegate.swift in Sources */,
			);
			runOnlyForDeploymentPostprocessing = 0;
		};
/* End PBXSourcesBuildPhase section */

/* Begin PBXVariantGroup section */
		7469E95725C42DCB005D3F58 /* Main.storyboard */ = {
			isa = PBXVariantGroup;
			children = (
				7469E95825C42DCB005D3F58 /* Base */,
			);
			name = Main.storyboard;
			sourceTree = "<group>";
		};
		7469E95C25C42DD7005D3F58 /* LaunchScreen.storyboard */ = {
			isa = PBXVariantGroup;
			children = (
				7469E95D25C42DD7005D3F58 /* Base */,
			);
			name = LaunchScreen.storyboard;
			sourceTree = "<group>";
		};
/* End PBXVariantGroup section */

/* Begin XCBuildConfiguration section */
		7469E96025C42DD7005D3F58 /* Debug */ = {
			isa = XCBuildConfiguration;
			buildSettings = {
				ALWAYS_SEARCH_USER_PATHS = NO;
				CLANG_ANALYZER_NONNULL = YES;
				CLANG_ANALYZER_NUMBER_OBJECT_CONVERSION = YES_AGGRESSIVE;
				CLANG_CXX_LANGUAGE_STANDARD = "gnu++14";
				CLANG_CXX_LIBRARY = "libc++";
				CLANG_ENABLE_MODULES = YES;
				CLANG_ENABLE_OBJC_ARC = YES;
				CLANG_ENABLE_OBJC_WEAK = YES;
				CLANG_WARN_BLOCK_CAPTURE_AUTORELEASING = YES;
				CLANG_WARN_BOOL_CONVERSION = YES;
				CLANG_WARN_COMMA = YES;
				CLANG_WARN_CONSTANT_CONVERSION = YES;
				CLANG_WARN_DEPRECATED_OBJC_IMPLEMENTATIONS = YES;
				CLANG_WARN_DIRECT_OBJC_ISA_USAGE = YES_ERROR;
				CLANG_WARN_DOCUMENTATION_COMMENTS = YES;
				CLANG_WARN_EMPTY_BODY = YES;
				CLANG_WARN_ENUM_CONVERSION = YES;
				CLANG_WARN_INFINITE_RECURSION = YES;
				CLANG_WARN_INT_CONVERSION = YES;
				CLANG_WARN_NON_LITERAL_NULL_CONVERSION = YES;
				CLANG_WARN_OBJC_IMPLICIT_RETAIN_SELF = YES;
				CLANG_WARN_OBJC_LITERAL_CONVERSION = YES;
				CLANG_WARN_OBJC_ROOT_CLASS = YES_ERROR;
				CLANG_WARN_QUOTED_INCLUDE_IN_FRAMEWORK_HEADER = YES;
				CLANG_WARN_RANGE_LOOP_ANALYSIS = YES;
				CLANG_WARN_STRICT_PROTOTYPES = YES;
				CLANG_WARN_SUSPICIOUS_MOVE = YES;
				CLANG_WARN_UNGUARDED_AVAILABILITY = YES_AGGRESSIVE;
				CLANG_WARN_UNREACHABLE_CODE = YES;
				CLANG_WARN__DUPLICATE_METHOD_MATCH = YES;
				COPY_PHASE_STRIP = NO;
				DEBUG_INFORMATION_FORMAT = dwarf;
				ENABLE_STRICT_OBJC_MSGSEND = YES;
				ENABLE_TESTABILITY = YES;
				GCC_C_LANGUAGE_STANDARD = gnu11;
				GCC_DYNAMIC_NO_PIC = NO;
				GCC_NO_COMMON_BLOCKS = YES;
				GCC_OPTIMIZATION_LEVEL = 0;
				GCC_PREPROCESSOR_DEFINITIONS = (
					"DEBUG=1",
					"$(inherited)",
				);
				GCC_WARN_64_TO_32_BIT_CONVERSION = YES;
				GCC_WARN_ABOUT_RETURN_TYPE = YES_ERROR;
				GCC_WARN_UNDECLARED_SELECTOR = YES;
				GCC_WARN_UNINITIALIZED_AUTOS = YES_AGGRESSIVE;
				GCC_WARN_UNUSED_FUNCTION = YES;
				GCC_WARN_UNUSED_VARIABLE = YES;
				IPHONEOS_DEPLOYMENT_TARGET = 14.3;
				MTL_ENABLE_DEBUG_INFO = INCLUDE_SOURCE;
				MTL_FAST_MATH = YES;
				ONLY_ACTIVE_ARCH = YES;
				SDKROOT = iphoneos;
				SWIFT_ACTIVE_COMPILATION_CONDITIONS = DEBUG;
				SWIFT_OPTIMIZATION_LEVEL = "-Onone";
			};
			name = Debug;
		};
		7469E96125C42DD7005D3F58 /* Release */ = {
			isa = XCBuildConfiguration;
			buildSettings = {
				ALWAYS_SEARCH_USER_PATHS = NO;
				CLANG_ANALYZER_NONNULL = YES;
				CLANG_ANALYZER_NUMBER_OBJECT_CONVERSION = YES_AGGRESSIVE;
				CLANG_CXX_LANGUAGE_STANDARD = "gnu++14";
				CLANG_CXX_LIBRARY = "libc++";
				CLANG_ENABLE_MODULES = YES;
				CLANG_ENABLE_OBJC_ARC = YES;
				CLANG_ENABLE_OBJC_WEAK = YES;
				CLANG_WARN_BLOCK_CAPTURE_AUTORELEASING = YES;
				CLANG_WARN_BOOL_CONVERSION = YES;
				CLANG_WARN_COMMA = YES;
				CLANG_WARN_CONSTANT_CONVERSION = YES;
				CLANG_WARN_DEPRECATED_OBJC_IMPLEMENTATIONS = YES;
				CLANG_WARN_DIRECT_OBJC_ISA_USAGE = YES_ERROR;
				CLANG_WARN_DOCUMENTATION_COMMENTS = YES;
				CLANG_WARN_EMPTY_BODY = YES;
				CLANG_WARN_ENUM_CONVERSION = YES;
				CLANG_WARN_INFINITE_RECURSION = YES;
				CLANG_WARN_INT_CONVERSION = YES;
				CLANG_WARN_NON_LITERAL_NULL_CONVERSION = YES;
				CLANG_WARN_OBJC_IMPLICIT_RETAIN_SELF = YES;
				CLANG_WARN_OBJC_LITERAL_CONVERSION = YES;
				CLANG_WARN_OBJC_ROOT_CLASS = YES_ERROR;
				CLANG_WARN_QUOTED_INCLUDE_IN_FRAMEWORK_HEADER = YES;
				CLANG_WARN_RANGE_LOOP_ANALYSIS = YES;
				CLANG_WARN_STRICT_PROTOTYPES = YES;
				CLANG_WARN_SUSPICIOUS_MOVE = YES;
				CLANG_WARN_UNGUARDED_AVAILABILITY = YES_AGGRESSIVE;
				CLANG_WARN_UNREACHABLE_CODE = YES;
				CLANG_WARN__DUPLICATE_METHOD_MATCH = YES;
				COPY_PHASE_STRIP = NO;
				DEBUG_INFORMATION_FORMAT = "dwarf-with-dsym";
				ENABLE_NS_ASSERTIONS = NO;
				ENABLE_STRICT_OBJC_MSGSEND = YES;
				GCC_C_LANGUAGE_STANDARD = gnu11;
				GCC_NO_COMMON_BLOCKS = YES;
				GCC_WARN_64_TO_32_BIT_CONVERSION = YES;
				GCC_WARN_ABOUT_RETURN_TYPE = YES_ERROR;
				GCC_WARN_UNDECLARED_SELECTOR = YES;
				GCC_WARN_UNINITIALIZED_AUTOS = YES_AGGRESSIVE;
				GCC_WARN_UNUSED_FUNCTION = YES;
				GCC_WARN_UNUSED_VARIABLE = YES;
				IPHONEOS_DEPLOYMENT_TARGET = 14.3;
				MTL_ENABLE_DEBUG_INFO = NO;
				MTL_FAST_MATH = YES;
				SDKROOT = iphoneos;
				SWIFT_COMPILATION_MODE = wholemodule;
				SWIFT_OPTIMIZATION_LEVEL = "-O";
				VALIDATE_PRODUCT = YES;
			};
			name = Release;
		};
		7469E96325C42DD7005D3F58 /* Debug */ = {
			isa = XCBuildConfiguration;
			buildSettings = {
				ASSETCATALOG_COMPILER_APPICON_NAME = AppIcon;
				ASSETCATALOG_COMPILER_GLOBAL_ACCENT_COLOR_NAME = AccentColor;
				CODE_SIGN_STYLE = Automatic;
				DEVELOPMENT_TEAM = 3VF2NCMJXG;
				INFOPLIST_FILE = CarouselApp/Resources/Info.plist;
				LD_RUNPATH_SEARCH_PATHS = (
					"$(inherited)",
					"@executable_path/Frameworks",
				);
				PRODUCT_BUNDLE_IDENTIFIER = com.zazzaze.CarouselApp;
				PRODUCT_NAME = "$(TARGET_NAME)";
				SWIFT_VERSION = 5.0;
				TARGETED_DEVICE_FAMILY = "1,2";
			};
			name = Debug;
		};
		7469E96425C42DD7005D3F58 /* Release */ = {
			isa = XCBuildConfiguration;
			buildSettings = {
				ASSETCATALOG_COMPILER_APPICON_NAME = AppIcon;
				ASSETCATALOG_COMPILER_GLOBAL_ACCENT_COLOR_NAME = AccentColor;
				CODE_SIGN_STYLE = Automatic;
				DEVELOPMENT_TEAM = 3VF2NCMJXG;
				INFOPLIST_FILE = CarouselApp/Resources/Info.plist;
				LD_RUNPATH_SEARCH_PATHS = (
					"$(inherited)",
					"@executable_path/Frameworks",
				);
				PRODUCT_BUNDLE_IDENTIFIER = com.zazzaze.CarouselApp;
				PRODUCT_NAME = "$(TARGET_NAME)";
				SWIFT_VERSION = 5.0;
				TARGETED_DEVICE_FAMILY = "1,2";
			};
			name = Release;
		};
/* End XCBuildConfiguration section */

/* Begin XCConfigurationList section */
		7469E94925C42DCA005D3F58 /* Build configuration list for PBXProject "CarouselApp" */ = {
			isa = XCConfigurationList;
			buildConfigurations = (
				7469E96025C42DD7005D3F58 /* Debug */,
				7469E96125C42DD7005D3F58 /* Release */,
			);
			defaultConfigurationIsVisible = 0;
			defaultConfigurationName = Release;
		};
		7469E96225C42DD7005D3F58 /* Build configuration list for PBXNativeTarget "CarouselApp" */ = {
			isa = XCConfigurationList;
			buildConfigurations = (
				7469E96325C42DD7005D3F58 /* Debug */,
				7469E96425C42DD7005D3F58 /* Release */,
			);
			defaultConfigurationIsVisible = 0;
			defaultConfigurationName = Release;
		};
/* End XCConfigurationList section */
	};
	rootObject = 7469E94625C42DCA005D3F58 /* Project object */;
}
