// !$*UTF8*$!
{
	archiveVersion = 1;
	classes = {
	};
	objectVersion = 50;
	objects = {

/* Begin PBXBuildFile section */
		7452974B25CC6A9500CE875B /* AppDelegate.swift in Sources */ = {isa = PBXBuildFile; fileRef = 7452974A25CC6A9500CE875B /* AppDelegate.swift */; };
		7452974D25CC6A9500CE875B /* SceneDelegate.swift in Sources */ = {isa = PBXBuildFile; fileRef = 7452974C25CC6A9500CE875B /* SceneDelegate.swift */; };
		7452974F25CC6A9500CE875B /* ViewController.swift in Sources */ = {isa = PBXBuildFile; fileRef = 7452974E25CC6A9500CE875B /* ViewController.swift */; };
		7452975225CC6A9600CE875B /* Main.storyboard in Resources */ = {isa = PBXBuildFile; fileRef = 7452975025CC6A9600CE875B /* Main.storyboard */; };
		7452975425CC6A9800CE875B /* Assets.xcassets in Resources */ = {isa = PBXBuildFile; fileRef = 7452975325CC6A9800CE875B /* Assets.xcassets */; };
		7452975725CC6A9800CE875B /* LaunchScreen.storyboard in Resources */ = {isa = PBXBuildFile; fileRef = 7452975525CC6A9800CE875B /* LaunchScreen.storyboard */; };
		7452976425CC6AFE00CE875B /* FancyButton.swift in Sources */ = {isa = PBXBuildFile; fileRef = 7452976325CC6AFE00CE875B /* FancyButton.swift */; };
/* End PBXBuildFile section */

/* Begin PBXFileReference section */
		7452974725CC6A9500CE875B /* FancyApp.app */ = {isa = PBXFileReference; explicitFileType = wrapper.application; includeInIndex = 0; path = FancyApp.app; sourceTree = BUILT_PRODUCTS_DIR; };
		7452974A25CC6A9500CE875B /* AppDelegate.swift */ = {isa = PBXFileReference; lastKnownFileType = sourcecode.swift; path = AppDelegate.swift; sourceTree = "<group>"; };
		7452974C25CC6A9500CE875B /* SceneDelegate.swift */ = {isa = PBXFileReference; lastKnownFileType = sourcecode.swift; path = SceneDelegate.swift; sourceTree = "<group>"; };
		7452974E25CC6A9500CE875B /* ViewController.swift */ = {isa = PBXFileReference; lastKnownFileType = sourcecode.swift; path = ViewController.swift; sourceTree = "<group>"; };
		7452975125CC6A9600CE875B /* Base */ = {isa = PBXFileReference; lastKnownFileType = file.storyboard; name = Base; path = Base.lproj/Main.storyboard; sourceTree = "<group>"; };
		7452975325CC6A9800CE875B /* Assets.xcassets */ = {isa = PBXFileReference; lastKnownFileType = folder.assetcatalog; path = Assets.xcassets; sourceTree = "<group>"; };
		7452975625CC6A9800CE875B /* Base */ = {isa = PBXFileReference; lastKnownFileType = file.storyboard; name = Base; path = Base.lproj/LaunchScreen.storyboard; sourceTree = "<group>"; };
		7452975825CC6A9800CE875B /* Info.plist */ = {isa = PBXFileReference; lastKnownFileType = text.plist.xml; path = Info.plist; sourceTree = "<group>"; };
		7452976325CC6AFE00CE875B /* FancyButton.swift */ = {isa = PBXFileReference; lastKnownFileType = sourcecode.swift; path = FancyButton.swift; sourceTree = "<group>"; };
/* End PBXFileReference section */

/* Begin PBXFrameworksBuildPhase section */
		7452974425CC6A9500CE875B /* Frameworks */ = {
			isa = PBXFrameworksBuildPhase;
			buildActionMask = 2147483647;
			files = (
			);
			runOnlyForDeploymentPostprocessing = 0;
		};
/* End PBXFrameworksBuildPhase section */

/* Begin PBXGroup section */
		7452973E25CC6A9500CE875B = {
			isa = PBXGroup;
			children = (
				7452974925CC6A9500CE875B /* FancyApp */,
				7452974825CC6A9500CE875B /* Products */,
			);
			sourceTree = "<group>";
		};
		7452974825CC6A9500CE875B /* Products */ = {
			isa = PBXGroup;
			children = (
				7452974725CC6A9500CE875B /* FancyApp.app */,
			);
			name = Products;
			sourceTree = "<group>";
		};
		7452974925CC6A9500CE875B /* FancyApp */ = {
			isa = PBXGroup;
			children = (
				7452976225CC6AF200CE875B /* Extensions */,
				7452976125CC6AE100CE875B /* Views */,
				7452976025CC6AD700CE875B /* ViewControllers */,
				7452975F25CC6AB900CE875B /* Resources */,
			);
			path = FancyApp;
			sourceTree = "<group>";
		};
		7452975F25CC6AB900CE875B /* Resources */ = {
			isa = PBXGroup;
			children = (
				7452974A25CC6A9500CE875B /* AppDelegate.swift */,
				7452974C25CC6A9500CE875B /* SceneDelegate.swift */,
				7452975325CC6A9800CE875B /* Assets.xcassets */,
				7452975825CC6A9800CE875B /* Info.plist */,
			);
			path = Resources;
			sourceTree = "<group>";
		};
		7452976025CC6AD700CE875B /* ViewControllers */ = {
			isa = PBXGroup;
			children = (
				7452974E25CC6A9500CE875B /* ViewController.swift */,
			);
			path = ViewControllers;
			sourceTree = "<group>";
		};
		7452976125CC6AE100CE875B /* Views */ = {
			isa = PBXGroup;
			children = (
				7452975025CC6A9600CE875B /* Main.storyboard */,
				7452975525CC6A9800CE875B /* LaunchScreen.storyboard */,
			);
			path = Views;
			sourceTree = "<group>";
		};
		7452976225CC6AF200CE875B /* Extensions */ = {
			isa = PBXGroup;
			children = (
				7452976325CC6AFE00CE875B /* FancyButton.swift */,
			);
			path = Extensions;
			sourceTree = "<group>";
		};
/* End PBXGroup section */

/* Begin PBXNativeTarget section */
		7452974625CC6A9500CE875B /* FancyApp */ = {
			isa = PBXNativeTarget;
			buildConfigurationList = 7452975B25CC6A9800CE875B /* Build configuration list for PBXNativeTarget "FancyApp" */;
			buildPhases = (
				7452974325CC6A9500CE875B /* Sources */,
				7452974425CC6A9500CE875B /* Frameworks */,
				7452974525CC6A9500CE875B /* Resources */,
			);
			buildRules = (
			);
			dependencies = (
			);
			name = FancyApp;
			productName = FancyApp;
			productReference = 7452974725CC6A9500CE875B /* FancyApp.app */;
			productType = "com.apple.product-type.application";
		};
/* End PBXNativeTarget section */

/* Begin PBXProject section */
		7452973F25CC6A9500CE875B /* Project object */ = {
			isa = PBXProject;
			attributes = {
				LastSwiftUpdateCheck = 1230;
				LastUpgradeCheck = 1230;
				TargetAttributes = {
					7452974625CC6A9500CE875B = {
						CreatedOnToolsVersion = 12.3;
					};
				};
			};
			buildConfigurationList = 7452974225CC6A9500CE875B /* Build configuration list for PBXProject "FancyApp" */;
			compatibilityVersion = "Xcode 9.3";
			developmentRegion = en;
			hasScannedForEncodings = 0;
			knownRegions = (
				en,
				Base,
			);
			mainGroup = 7452973E25CC6A9500CE875B;
			productRefGroup = 7452974825CC6A9500CE875B /* Products */;
			projectDirPath = "";
			projectRoot = "";
			targets = (
				7452974625CC6A9500CE875B /* FancyApp */,
			);
		};
/* End PBXProject section */

/* Begin PBXResourcesBuildPhase section */
		7452974525CC6A9500CE875B /* Resources */ = {
			isa = PBXResourcesBuildPhase;
			buildActionMask = 2147483647;
			files = (
				7452975725CC6A9800CE875B /* LaunchScreen.storyboard in Resources */,
				7452975425CC6A9800CE875B /* Assets.xcassets in Resources */,
				7452975225CC6A9600CE875B /* Main.storyboard in Resources */,
			);
			runOnlyForDeploymentPostprocessing = 0;
		};
/* End PBXResourcesBuildPhase section */

/* Begin PBXSourcesBuildPhase section */
		7452974325CC6A9500CE875B /* Sources */ = {
			isa = PBXSourcesBuildPhase;
			buildActionMask = 2147483647;
			files = (
				7452974F25CC6A9500CE875B /* ViewController.swift in Sources */,
				7452976425CC6AFE00CE875B /* FancyButton.swift in Sources */,
				7452974B25CC6A9500CE875B /* AppDelegate.swift in Sources */,
				7452974D25CC6A9500CE875B /* SceneDelegate.swift in Sources */,
			);
			runOnlyForDeploymentPostprocessing = 0;
		};
/* End PBXSourcesBuildPhase section */

/* Begin PBXVariantGroup section */
		7452975025CC6A9600CE875B /* Main.storyboard */ = {
			isa = PBXVariantGroup;
			children = (
				7452975125CC6A9600CE875B /* Base */,
			);
			name = Main.storyboard;
			sourceTree = "<group>";
		};
		7452975525CC6A9800CE875B /* LaunchScreen.storyboard */ = {
			isa = PBXVariantGroup;
			children = (
				7452975625CC6A9800CE875B /* Base */,
			);
			name = LaunchScreen.storyboard;
			sourceTree = "<group>";
		};
/* End PBXVariantGroup section */

/* Begin XCBuildConfiguration section */
		7452975925CC6A9800CE875B /* Debug */ = {
			isa = XCBuildConfiguration;
			buildSettings = {
				ALWAYS_SEARCH_USER_PATHS = NO;
				CLANG_ANALYZER_NONNULL = YES;
				CLANG_ANALYZER_NUMBER_OBJECT_CONVERSION = YES_AGGRESSIVE;
				CLANG_CXX_LANGUAGE_STANDARD = "gnu++14";
				CLANG_CXX_LIBRARY = "libc++";
				CLANG_ENABLE_MODULES = YES;
				CLANG_ENABLE_OBJC_ARC = YES;
				CLANG_ENABLE_OBJC_WEAK = YES;
				CLANG_WARN_BLOCK_CAPTURE_AUTORELEASING = YES;
				CLANG_WARN_BOOL_CONVERSION = YES;
				CLANG_WARN_COMMA = YES;
				CLANG_WARN_CONSTANT_CONVERSION = YES;
				CLANG_WARN_DEPRECATED_OBJC_IMPLEMENTATIONS = YES;
				CLANG_WARN_DIRECT_OBJC_ISA_USAGE = YES_ERROR;
				CLANG_WARN_DOCUMENTATION_COMMENTS = YES;
				CLANG_WARN_EMPTY_BODY = YES;
				CLANG_WARN_ENUM_CONVERSION = YES;
				CLANG_WARN_INFINITE_RECURSION = YES;
				CLANG_WARN_INT_CONVERSION = YES;
				CLANG_WARN_NON_LITERAL_NULL_CONVERSION = YES;
				CLANG_WARN_OBJC_IMPLICIT_RETAIN_SELF = YES;
				CLANG_WARN_OBJC_LITERAL_CONVERSION = YES;
				CLANG_WARN_OBJC_ROOT_CLASS = YES_ERROR;
				CLANG_WARN_QUOTED_INCLUDE_IN_FRAMEWORK_HEADER = YES;
				CLANG_WARN_RANGE_LOOP_ANALYSIS = YES;
				CLANG_WARN_STRICT_PROTOTYPES = YES;
				CLANG_WARN_SUSPICIOUS_MOVE = YES;
				CLANG_WARN_UNGUARDED_AVAILABILITY = YES_AGGRESSIVE;
				CLANG_WARN_UNREACHABLE_CODE = YES;
				CLANG_WARN__DUPLICATE_METHOD_MATCH = YES;
				COPY_PHASE_STRIP = NO;
				DEBUG_INFORMATION_FORMAT = dwarf;
				ENABLE_STRICT_OBJC_MSGSEND = YES;
				ENABLE_TESTABILITY = YES;
				GCC_C_LANGUAGE_STANDARD = gnu11;
				GCC_DYNAMIC_NO_PIC = NO;
				GCC_NO_COMMON_BLOCKS = YES;
				GCC_OPTIMIZATION_LEVEL = 0;
				GCC_PREPROCESSOR_DEFINITIONS = (
					"DEBUG=1",
					"$(inherited)",
				);
				GCC_WARN_64_TO_32_BIT_CONVERSION = YES;
				GCC_WARN_ABOUT_RETURN_TYPE = YES_ERROR;
				GCC_WARN_UNDECLARED_SELECTOR = YES;
				GCC_WARN_UNINITIALIZED_AUTOS = YES_AGGRESSIVE;
				GCC_WARN_UNUSED_FUNCTION = YES;
				GCC_WARN_UNUSED_VARIABLE = YES;
				IPHONEOS_DEPLOYMENT_TARGET = 14.3;
				MTL_ENABLE_DEBUG_INFO = INCLUDE_SOURCE;
				MTL_FAST_MATH = YES;
				ONLY_ACTIVE_ARCH = YES;
				SDKROOT = iphoneos;
				SWIFT_ACTIVE_COMPILATION_CONDITIONS = DEBUG;
				SWIFT_OPTIMIZATION_LEVEL = "-Onone";
			};
			name = Debug;
		};
		7452975A25CC6A9800CE875B /* Release */ = {
			isa = XCBuildConfiguration;
			buildSettings = {
				ALWAYS_SEARCH_USER_PATHS = NO;
				CLANG_ANALYZER_NONNULL = YES;
				CLANG_ANALYZER_NUMBER_OBJECT_CONVERSION = YES_AGGRESSIVE;
				CLANG_CXX_LANGUAGE_STANDARD = "gnu++14";
				CLANG_CXX_LIBRARY = "libc++";
				CLANG_ENABLE_MODULES = YES;
				CLANG_ENABLE_OBJC_ARC = YES;
				CLANG_ENABLE_OBJC_WEAK = YES;
				CLANG_WARN_BLOCK_CAPTURE_AUTORELEASING = YES;
				CLANG_WARN_BOOL_CONVERSION = YES;
				CLANG_WARN_COMMA = YES;
				CLANG_WARN_CONSTANT_CONVERSION = YES;
				CLANG_WARN_DEPRECATED_OBJC_IMPLEMENTATIONS = YES;
				CLANG_WARN_DIRECT_OBJC_ISA_USAGE = YES_ERROR;
				CLANG_WARN_DOCUMENTATION_COMMENTS = YES;
				CLANG_WARN_EMPTY_BODY = YES;
				CLANG_WARN_ENUM_CONVERSION = YES;
				CLANG_WARN_INFINITE_RECURSION = YES;
				CLANG_WARN_INT_CONVERSION = YES;
				CLANG_WARN_NON_LITERAL_NULL_CONVERSION = YES;
				CLANG_WARN_OBJC_IMPLICIT_RETAIN_SELF = YES;
				CLANG_WARN_OBJC_LITERAL_CONVERSION = YES;
				CLANG_WARN_OBJC_ROOT_CLASS = YES_ERROR;
				CLANG_WARN_QUOTED_INCLUDE_IN_FRAMEWORK_HEADER = YES;
				CLANG_WARN_RANGE_LOOP_ANALYSIS = YES;
				CLANG_WARN_STRICT_PROTOTYPES = YES;
				CLANG_WARN_SUSPICIOUS_MOVE = YES;
				CLANG_WARN_UNGUARDED_AVAILABILITY = YES_AGGRESSIVE;
				CLANG_WARN_UNREACHABLE_CODE = YES;
				CLANG_WARN__DUPLICATE_METHOD_MATCH = YES;
				COPY_PHASE_STRIP = NO;
				DEBUG_INFORMATION_FORMAT = "dwarf-with-dsym";
				ENABLE_NS_ASSERTIONS = NO;
				ENABLE_STRICT_OBJC_MSGSEND = YES;
				GCC_C_LANGUAGE_STANDARD = gnu11;
				GCC_NO_COMMON_BLOCKS = YES;
				GCC_WARN_64_TO_32_BIT_CONVERSION = YES;
				GCC_WARN_ABOUT_RETURN_TYPE = YES_ERROR;
				GCC_WARN_UNDECLARED_SELECTOR = YES;
				GCC_WARN_UNINITIALIZED_AUTOS = YES_AGGRESSIVE;
				GCC_WARN_UNUSED_FUNCTION = YES;
				GCC_WARN_UNUSED_VARIABLE = YES;
				IPHONEOS_DEPLOYMENT_TARGET = 14.3;
				MTL_ENABLE_DEBUG_INFO = NO;
				MTL_FAST_MATH = YES;
				SDKROOT = iphoneos;
				SWIFT_COMPILATION_MODE = wholemodule;
				SWIFT_OPTIMIZATION_LEVEL = "-O";
				VALIDATE_PRODUCT = YES;
			};
			name = Release;
		};
		7452975C25CC6A9800CE875B /* Debug */ = {
			isa = XCBuildConfiguration;
			buildSettings = {
				ASSETCATALOG_COMPILER_APPICON_NAME = AppIcon;
				ASSETCATALOG_COMPILER_GLOBAL_ACCENT_COLOR_NAME = AccentColor;
				CODE_SIGN_STYLE = Automatic;
				DEVELOPMENT_TEAM = 3VF2NCMJXG;
				INFOPLIST_FILE = FancyApp/Resources/Info.plist;
				LD_RUNPATH_SEARCH_PATHS = (
					"$(inherited)",
					"@executable_path/Frameworks",
				);
				PRODUCT_BUNDLE_IDENTIFIER = com.zazzaze.FancyApp;
				PRODUCT_NAME = "$(TARGET_NAME)";
				SWIFT_VERSION = 5.0;
				TARGETED_DEVICE_FAMILY = "1,2";
			};
			name = Debug;
		};
		7452975D25CC6A9800CE875B /* Release */ = {
			isa = XCBuildConfiguration;
			buildSettings = {
				ASSETCATALOG_COMPILER_APPICON_NAME = AppIcon;
				ASSETCATALOG_COMPILER_GLOBAL_ACCENT_COLOR_NAME = AccentColor;
				CODE_SIGN_STYLE = Automatic;
				DEVELOPMENT_TEAM = 3VF2NCMJXG;
				INFOPLIST_FILE = FancyApp/Resources/Info.plist;
				LD_RUNPATH_SEARCH_PATHS = (
					"$(inherited)",
					"@executable_path/Frameworks",
				);
				PRODUCT_BUNDLE_IDENTIFIER = com.zazzaze.FancyApp;
				PRODUCT_NAME = "$(TARGET_NAME)";
				SWIFT_VERSION = 5.0;
				TARGETED_DEVICE_FAMILY = "1,2";
			};
			name = Release;
		};
/* End XCBuildConfiguration section */

/* Begin XCConfigurationList section */
		7452974225CC6A9500CE875B /* Build configuration list for PBXProject "FancyApp" */ = {
			isa = XCConfigurationList;
			buildConfigurations = (
				7452975925CC6A9800CE875B /* Debug */,
				7452975A25CC6A9800CE875B /* Release */,
			);
			defaultConfigurationIsVisible = 0;
			defaultConfigurationName = Release;
		};
		7452975B25CC6A9800CE875B /* Build configuration list for PBXNativeTarget "FancyApp" */ = {
			isa = XCConfigurationList;
			buildConfigurations = (
				7452975C25CC6A9800CE875B /* Debug */,
				7452975D25CC6A9800CE875B /* Release */,
			);
			defaultConfigurationIsVisible = 0;
			defaultConfigurationName = Release;
		};
/* End XCConfigurationList section */
	};
	rootObject = 7452973F25CC6A9500CE875B /* Project object */;
}
