// !$*UTF8*$!
{
	archiveVersion = 1;
	classes = {
	};
	objectVersion = 50;
	objects = {

/* Begin PBXBuildFile section */
		74C737EE2576D6D800A3A94C /* AppDelegate.swift in Sources */ = {isa = PBXBuildFile; fileRef = 74C737ED2576D6D800A3A94C /* AppDelegate.swift */; };
		74C737F02576D6D800A3A94C /* SceneDelegate.swift in Sources */ = {isa = PBXBuildFile; fileRef = 74C737EF2576D6D800A3A94C /* SceneDelegate.swift */; };
		74C737F22576D6D800A3A94C /* ViewController.swift in Sources */ = {isa = PBXBuildFile; fileRef = 74C737F12576D6D800A3A94C /* ViewController.swift */; };
		74C737F52576D6D800A3A94C /* Main.storyboard in Resources */ = {isa = PBXBuildFile; fileRef = 74C737F32576D6D800A3A94C /* Main.storyboard */; };
		74C737F72576D6DC00A3A94C /* Assets.xcassets in Resources */ = {isa = PBXBuildFile; fileRef = 74C737F62576D6DC00A3A94C /* Assets.xcassets */; };
		74C737FA2576D6DC00A3A94C /* LaunchScreen.storyboard in Resources */ = {isa = PBXBuildFile; fileRef = 74C737F82576D6DC00A3A94C /* LaunchScreen.storyboard */; };
		74C738042576D92A00A3A94C /* TrackViewController.swift in Sources */ = {isa = PBXBuildFile; fileRef = 74C738032576D92A00A3A94C /* TrackViewController.swift */; };
		74C738072576D93F00A3A94C /* SliderViewController.swift in Sources */ = {isa = PBXBuildFile; fileRef = 74C738062576D93F00A3A94C /* SliderViewController.swift */; };
		74C7380B2576DBD200A3A94C /* ActionViewController.swift in Sources */ = {isa = PBXBuildFile; fileRef = 74C7380A2576DBD200A3A94C /* ActionViewController.swift */; };
/* End PBXBuildFile section */

/* Begin PBXFileReference section */
		74C737EA2576D6D800A3A94C /* Showcase.app */ = {isa = PBXFileReference; explicitFileType = wrapper.application; includeInIndex = 0; path = Showcase.app; sourceTree = BUILT_PRODUCTS_DIR; };
		74C737ED2576D6D800A3A94C /* AppDelegate.swift */ = {isa = PBXFileReference; lastKnownFileType = sourcecode.swift; path = AppDelegate.swift; sourceTree = "<group>"; };
		74C737EF2576D6D800A3A94C /* SceneDelegate.swift */ = {isa = PBXFileReference; lastKnownFileType = sourcecode.swift; path = SceneDelegate.swift; sourceTree = "<group>"; };
		74C737F12576D6D800A3A94C /* ViewController.swift */ = {isa = PBXFileReference; lastKnownFileType = sourcecode.swift; path = ViewController.swift; sourceTree = "<group>"; };
		74C737F42576D6D800A3A94C /* Base */ = {isa = PBXFileReference; lastKnownFileType = file.storyboard; name = Base; path = Base.lproj/Main.storyboard; sourceTree = "<group>"; };
		74C737F62576D6DC00A3A94C /* Assets.xcassets */ = {isa = PBXFileReference; lastKnownFileType = folder.assetcatalog; path = Assets.xcassets; sourceTree = "<group>"; };
		74C737F92576D6DC00A3A94C /* Base */ = {isa = PBXFileReference; lastKnownFileType = file.storyboard; name = Base; path = Base.lproj/LaunchScreen.storyboard; sourceTree = "<group>"; };
		74C737FB2576D6DC00A3A94C /* Info.plist */ = {isa = PBXFileReference; lastKnownFileType = text.plist.xml; path = Info.plist; sourceTree = "<group>"; };
		74C738032576D92A00A3A94C /* TrackViewController.swift */ = {isa = PBXFileReference; lastKnownFileType = sourcecode.swift; path = TrackViewController.swift; sourceTree = "<group>"; };
		74C738062576D93F00A3A94C /* SliderViewController.swift */ = {isa = PBXFileReference; lastKnownFileType = sourcecode.swift; path = SliderViewController.swift; sourceTree = "<group>"; };
		74C7380A2576DBD200A3A94C /* ActionViewController.swift */ = {isa = PBXFileReference; lastKnownFileType = sourcecode.swift; path = ActionViewController.swift; sourceTree = "<group>"; };
/* End PBXFileReference section */

/* Begin PBXFrameworksBuildPhase section */
		74C737E72576D6D800A3A94C /* Frameworks */ = {
			isa = PBXFrameworksBuildPhase;
			buildActionMask = 2147483647;
			files = (
			);
			runOnlyForDeploymentPostprocessing = 0;
		};
/* End PBXFrameworksBuildPhase section */

/* Begin PBXGroup section */
		74C737E12576D6D800A3A94C = {
			isa = PBXGroup;
			children = (
				74C737EC2576D6D800A3A94C /* Showcase */,
				74C737EB2576D6D800A3A94C /* Products */,
			);
			sourceTree = "<group>";
		};
		74C737EB2576D6D800A3A94C /* Products */ = {
			isa = PBXGroup;
			children = (
				74C737EA2576D6D800A3A94C /* Showcase.app */,
			);
			name = Products;
			sourceTree = "<group>";
		};
		74C737EC2576D6D800A3A94C /* Showcase */ = {
			isa = PBXGroup;
			children = (
				74C738022576D8FF00A3A94C /* ViewControllers */,
				74C737ED2576D6D800A3A94C /* AppDelegate.swift */,
				74C737EF2576D6D800A3A94C /* SceneDelegate.swift */,
				74C737F32576D6D800A3A94C /* Main.storyboard */,
				74C737F62576D6DC00A3A94C /* Assets.xcassets */,
				74C737F82576D6DC00A3A94C /* LaunchScreen.storyboard */,
				74C737FB2576D6DC00A3A94C /* Info.plist */,
			);
			path = Showcase;
			sourceTree = "<group>";
		};
		74C738022576D8FF00A3A94C /* ViewControllers */ = {
			isa = PBXGroup;
			children = (
				74C737F12576D6D800A3A94C /* ViewController.swift */,
				74C738032576D92A00A3A94C /* TrackViewController.swift */,
				74C738062576D93F00A3A94C /* SliderViewController.swift */,
				74C7380A2576DBD200A3A94C /* ActionViewController.swift */,
			);
			path = ViewControllers;
			sourceTree = "<group>";
		};
/* End PBXGroup section */

/* Begin PBXNativeTarget section */
		74C737E92576D6D800A3A94C /* Showcase */ = {
			isa = PBXNativeTarget;
			buildConfigurationList = 74C737FE2576D6DC00A3A94C /* Build configuration list for PBXNativeTarget "Showcase" */;
			buildPhases = (
				74C737E62576D6D800A3A94C /* Sources */,
				74C737E72576D6D800A3A94C /* Frameworks */,
				74C737E82576D6D800A3A94C /* Resources */,
			);
			buildRules = (
			);
			dependencies = (
			);
			name = Showcase;
			productName = Showcase;
			productReference = 74C737EA2576D6D800A3A94C /* Showcase.app */;
			productType = "com.apple.product-type.application";
		};
/* End PBXNativeTarget section */

/* Begin PBXProject section */
		74C737E22576D6D800A3A94C /* Project object */ = {
			isa = PBXProject;
			attributes = {
				LastSwiftUpdateCheck = 1220;
				LastUpgradeCheck = 1220;
				TargetAttributes = {
					74C737E92576D6D800A3A94C = {
						CreatedOnToolsVersion = 12.2;
					};
				};
			};
			buildConfigurationList = 74C737E52576D6D800A3A94C /* Build configuration list for PBXProject "Showcase" */;
			compatibilityVersion = "Xcode 9.3";
			developmentRegion = en;
			hasScannedForEncodings = 0;
			knownRegions = (
				en,
				Base,
			);
			mainGroup = 74C737E12576D6D800A3A94C;
			productRefGroup = 74C737EB2576D6D800A3A94C /* Products */;
			projectDirPath = "";
			projectRoot = "";
			targets = (
				74C737E92576D6D800A3A94C /* Showcase */,
			);
		};
/* End PBXProject section */

/* Begin PBXResourcesBuildPhase section */
		74C737E82576D6D800A3A94C /* Resources */ = {
			isa = PBXResourcesBuildPhase;
			buildActionMask = 2147483647;
			files = (
				74C737FA2576D6DC00A3A94C /* LaunchScreen.storyboard in Resources */,
				74C737F72576D6DC00A3A94C /* Assets.xcassets in Resources */,
				74C737F52576D6D800A3A94C /* Main.storyboard in Resources */,
			);
			runOnlyForDeploymentPostprocessing = 0;
		};
/* End PBXResourcesBuildPhase section */

/* Begin PBXSourcesBuildPhase section */
		74C737E62576D6D800A3A94C /* Sources */ = {
			isa = PBXSourcesBuildPhase;
			buildActionMask = 2147483647;
			files = (
				74C738042576D92A00A3A94C /* TrackViewController.swift in Sources */,
				74C738072576D93F00A3A94C /* SliderViewController.swift in Sources */,
				74C7380B2576DBD200A3A94C /* ActionViewController.swift in Sources */,
				74C737F22576D6D800A3A94C /* ViewController.swift in Sources */,
				74C737EE2576D6D800A3A94C /* AppDelegate.swift in Sources */,
				74C737F02576D6D800A3A94C /* SceneDelegate.swift in Sources */,
			);
			runOnlyForDeploymentPostprocessing = 0;
		};
/* End PBXSourcesBuildPhase section */

/* Begin PBXVariantGroup section */
		74C737F32576D6D800A3A94C /* Main.storyboard */ = {
			isa = PBXVariantGroup;
			children = (
				74C737F42576D6D800A3A94C /* Base */,
			);
			name = Main.storyboard;
			sourceTree = "<group>";
		};
		74C737F82576D6DC00A3A94C /* LaunchScreen.storyboard */ = {
			isa = PBXVariantGroup;
			children = (
				74C737F92576D6DC00A3A94C /* Base */,
			);
			name = LaunchScreen.storyboard;
			sourceTree = "<group>";
		};
/* End PBXVariantGroup section */

/* Begin XCBuildConfiguration section */
		74C737FC2576D6DC00A3A94C /* Debug */ = {
			isa = XCBuildConfiguration;
			buildSettings = {
				ALWAYS_SEARCH_USER_PATHS = NO;
				CLANG_ANALYZER_NONNULL = YES;
				CLANG_ANALYZER_NUMBER_OBJECT_CONVERSION = YES_AGGRESSIVE;
				CLANG_CXX_LANGUAGE_STANDARD = "gnu++14";
				CLANG_CXX_LIBRARY = "libc++";
				CLANG_ENABLE_MODULES = YES;
				CLANG_ENABLE_OBJC_ARC = YES;
				CLANG_ENABLE_OBJC_WEAK = YES;
				CLANG_WARN_BLOCK_CAPTURE_AUTORELEASING = YES;
				CLANG_WARN_BOOL_CONVERSION = YES;
				CLANG_WARN_COMMA = YES;
				CLANG_WARN_CONSTANT_CONVERSION = YES;
				CLANG_WARN_DEPRECATED_OBJC_IMPLEMENTATIONS = YES;
				CLANG_WARN_DIRECT_OBJC_ISA_USAGE = YES_ERROR;
				CLANG_WARN_DOCUMENTATION_COMMENTS = YES;
				CLANG_WARN_EMPTY_BODY = YES;
				CLANG_WARN_ENUM_CONVERSION = YES;
				CLANG_WARN_INFINITE_RECURSION = YES;
				CLANG_WARN_INT_CONVERSION = YES;
				CLANG_WARN_NON_LITERAL_NULL_CONVERSION = YES;
				CLANG_WARN_OBJC_IMPLICIT_RETAIN_SELF = YES;
				CLANG_WARN_OBJC_LITERAL_CONVERSION = YES;
				CLANG_WARN_OBJC_ROOT_CLASS = YES_ERROR;
				CLANG_WARN_QUOTED_INCLUDE_IN_FRAMEWORK_HEADER = YES;
				CLANG_WARN_RANGE_LOOP_ANALYSIS = YES;
				CLANG_WARN_STRICT_PROTOTYPES = YES;
				CLANG_WARN_SUSPICIOUS_MOVE = YES;
				CLANG_WARN_UNGUARDED_AVAILABILITY = YES_AGGRESSIVE;
				CLANG_WARN_UNREACHABLE_CODE = YES;
				CLANG_WARN__DUPLICATE_METHOD_MATCH = YES;
				COPY_PHASE_STRIP = NO;
				DEBUG_INFORMATION_FORMAT = dwarf;
				ENABLE_STRICT_OBJC_MSGSEND = YES;
				ENABLE_TESTABILITY = YES;
				GCC_C_LANGUAGE_STANDARD = gnu11;
				GCC_DYNAMIC_NO_PIC = NO;
				GCC_NO_COMMON_BLOCKS = YES;
				GCC_OPTIMIZATION_LEVEL = 0;
				GCC_PREPROCESSOR_DEFINITIONS = (
					"DEBUG=1",
					"$(inherited)",
				);
				GCC_WARN_64_TO_32_BIT_CONVERSION = YES;
				GCC_WARN_ABOUT_RETURN_TYPE = YES_ERROR;
				GCC_WARN_UNDECLARED_SELECTOR = YES;
				GCC_WARN_UNINITIALIZED_AUTOS = YES_AGGRESSIVE;
				GCC_WARN_UNUSED_FUNCTION = YES;
				GCC_WARN_UNUSED_VARIABLE = YES;
				IPHONEOS_DEPLOYMENT_TARGET = 14.2;
				MTL_ENABLE_DEBUG_INFO = INCLUDE_SOURCE;
				MTL_FAST_MATH = YES;
				ONLY_ACTIVE_ARCH = YES;
				SDKROOT = iphoneos;
				SWIFT_ACTIVE_COMPILATION_CONDITIONS = DEBUG;
				SWIFT_OPTIMIZATION_LEVEL = "-Onone";
			};
			name = Debug;
		};
		74C737FD2576D6DC00A3A94C /* Release */ = {
			isa = XCBuildConfiguration;
			buildSettings = {
				ALWAYS_SEARCH_USER_PATHS = NO;
				CLANG_ANALYZER_NONNULL = YES;
				CLANG_ANALYZER_NUMBER_OBJECT_CONVERSION = YES_AGGRESSIVE;
				CLANG_CXX_LANGUAGE_STANDARD = "gnu++14";
				CLANG_CXX_LIBRARY = "libc++";
				CLANG_ENABLE_MODULES = YES;
				CLANG_ENABLE_OBJC_ARC = YES;
				CLANG_ENABLE_OBJC_WEAK = YES;
				CLANG_WARN_BLOCK_CAPTURE_AUTORELEASING = YES;
				CLANG_WARN_BOOL_CONVERSION = YES;
				CLANG_WARN_COMMA = YES;
				CLANG_WARN_CONSTANT_CONVERSION = YES;
				CLANG_WARN_DEPRECATED_OBJC_IMPLEMENTATIONS = YES;
				CLANG_WARN_DIRECT_OBJC_ISA_USAGE = YES_ERROR;
				CLANG_WARN_DOCUMENTATION_COMMENTS = YES;
				CLANG_WARN_EMPTY_BODY = YES;
				CLANG_WARN_ENUM_CONVERSION = YES;
				CLANG_WARN_INFINITE_RECURSION = YES;
				CLANG_WARN_INT_CONVERSION = YES;
				CLANG_WARN_NON_LITERAL_NULL_CONVERSION = YES;
				CLANG_WARN_OBJC_IMPLICIT_RETAIN_SELF = YES;
				CLANG_WARN_OBJC_LITERAL_CONVERSION = YES;
				CLANG_WARN_OBJC_ROOT_CLASS = YES_ERROR;
				CLANG_WARN_QUOTED_INCLUDE_IN_FRAMEWORK_HEADER = YES;
				CLANG_WARN_RANGE_LOOP_ANALYSIS = YES;
				CLANG_WARN_STRICT_PROTOTYPES = YES;
				CLANG_WARN_SUSPICIOUS_MOVE = YES;
				CLANG_WARN_UNGUARDED_AVAILABILITY = YES_AGGRESSIVE;
				CLANG_WARN_UNREACHABLE_CODE = YES;
				CLANG_WARN__DUPLICATE_METHOD_MATCH = YES;
				COPY_PHASE_STRIP = NO;
				DEBUG_INFORMATION_FORMAT = "dwarf-with-dsym";
				ENABLE_NS_ASSERTIONS = NO;
				ENABLE_STRICT_OBJC_MSGSEND = YES;
				GCC_C_LANGUAGE_STANDARD = gnu11;
				GCC_NO_COMMON_BLOCKS = YES;
				GCC_WARN_64_TO_32_BIT_CONVERSION = YES;
				GCC_WARN_ABOUT_RETURN_TYPE = YES_ERROR;
				GCC_WARN_UNDECLARED_SELECTOR = YES;
				GCC_WARN_UNINITIALIZED_AUTOS = YES_AGGRESSIVE;
				GCC_WARN_UNUSED_FUNCTION = YES;
				GCC_WARN_UNUSED_VARIABLE = YES;
				IPHONEOS_DEPLOYMENT_TARGET = 14.2;
				MTL_ENABLE_DEBUG_INFO = NO;
				MTL_FAST_MATH = YES;
				SDKROOT = iphoneos;
				SWIFT_COMPILATION_MODE = wholemodule;
				SWIFT_OPTIMIZATION_LEVEL = "-O";
				VALIDATE_PRODUCT = YES;
			};
			name = Release;
		};
		74C737FF2576D6DC00A3A94C /* Debug */ = {
			isa = XCBuildConfiguration;
			buildSettings = {
				ASSETCATALOG_COMPILER_APPICON_NAME = AppIcon;
				ASSETCATALOG_COMPILER_GLOBAL_ACCENT_COLOR_NAME = AccentColor;
				CODE_SIGN_STYLE = Automatic;
				DEVELOPMENT_TEAM = 3VF2NCMJXG;
				INFOPLIST_FILE = Showcase/Info.plist;
				LD_RUNPATH_SEARCH_PATHS = (
					"$(inherited)",
					"@executable_path/Frameworks",
				);
				PRODUCT_BUNDLE_IDENTIFIER = com.zazzaze.Showcase;
				PRODUCT_NAME = "$(TARGET_NAME)";
				SWIFT_VERSION = 5.0;
				TARGETED_DEVICE_FAMILY = "1,2";
			};
			name = Debug;
		};
		74C738002576D6DC00A3A94C /* Release */ = {
			isa = XCBuildConfiguration;
			buildSettings = {
				ASSETCATALOG_COMPILER_APPICON_NAME = AppIcon;
				ASSETCATALOG_COMPILER_GLOBAL_ACCENT_COLOR_NAME = AccentColor;
				CODE_SIGN_STYLE = Automatic;
				DEVELOPMENT_TEAM = 3VF2NCMJXG;
				INFOPLIST_FILE = Showcase/Info.plist;
				LD_RUNPATH_SEARCH_PATHS = (
					"$(inherited)",
					"@executable_path/Frameworks",
				);
				PRODUCT_BUNDLE_IDENTIFIER = com.zazzaze.Showcase;
				PRODUCT_NAME = "$(TARGET_NAME)";
				SWIFT_VERSION = 5.0;
				TARGETED_DEVICE_FAMILY = "1,2";
			};
			name = Release;
		};
/* End XCBuildConfiguration section */

/* Begin XCConfigurationList section */
		74C737E52576D6D800A3A94C /* Build configuration list for PBXProject "Showcase" */ = {
			isa = XCConfigurationList;
			buildConfigurations = (
				74C737FC2576D6DC00A3A94C /* Debug */,
				74C737FD2576D6DC00A3A94C /* Release */,
			);
			defaultConfigurationIsVisible = 0;
			defaultConfigurationName = Release;
		};
		74C737FE2576D6DC00A3A94C /* Build configuration list for PBXNativeTarget "Showcase" */ = {
			isa = XCConfigurationList;
			buildConfigurations = (
				74C737FF2576D6DC00A3A94C /* Debug */,
				74C738002576D6DC00A3A94C /* Release */,
			);
			defaultConfigurationIsVisible = 0;
			defaultConfigurationName = Release;
		};
/* End XCConfigurationList section */
	};
	rootObject = 74C737E22576D6D800A3A94C /* Project object */;
}
